
Microsoft Visual Studio Solution File, Format Version 12.00
# Visual Studio 15
VisualStudioVersion = 15.0.28307.1525
MinimumVisualStudioVersion = 10.0.40219.1
Project("{E24C65DC-7377-472B-9ABA-BC803B73C61A}") = "MarkAttachment", "https://localhost/MarkAttachment", "{9E37929C-6C74-4F44-89FE-496096FFF839}"
	ProjectSection(WebsiteProperties) = preProject
		SccProjectName = "SAK"
		SccAuxPath = "SAK"
		SccLocalPath = "SAK"
		SccProvider = "SAK"
		UseIISExpress = "false"
		TargetFrameworkMoniker = ".NETFramework,Version%3Dv4.5"
		Debug.AspNetCompiler.VirtualPath = "/MarkAttachment"
		Debug.AspNetCompiler.PhysicalPath = "MarkAttachment\"
		Debug.AspNetCompiler.TargetPath = "PrecompiledWeb\BackOfficeUI\"
		Debug.AspNetCompiler.Updateable = "true"
		Debug.AspNetCompiler.ForceOverwrite = "true"
		Debug.AspNetCompiler.FixedNames = "false"
		Debug.AspNetCompiler.Debug = "True"
		Release.AspNetCompiler.VirtualPath = "/MarkAttachment"
		Release.AspNetCompiler.PhysicalPath = "MarkAttachment\"
		Release.AspNetCompiler.TargetPath = "PrecompiledWeb\MarkAttachment\"
		Release.AspNetCompiler.Updateable = "true"
		Release.AspNetCompiler.ForceOverwrite = "true"
		Release.AspNetCompiler.FixedNames = "false"
		Release.AspNetCompiler.Debug = "False"
		SlnRelativePath = "MarkAttachment\"
	EndProjectSection
EndProject
Global
	GlobalSection(SolutionConfigurationPlatforms) = preSolution
		Debug|Any CPU = Debug|Any CPU
	EndGlobalSection
	GlobalSection(ProjectConfigurationPlatforms) = postSolution
		{9E37929C-6C74-4F44-89FE-496096FFF839}.Debug|Any CPU.ActiveCfg = Debug|Any CPU
		{9E37929C-6C74-4F44-89FE-496096FFF839}.Debug|Any CPU.Build.0 = Debug|Any CPU
	EndGlobalSection
	GlobalSection(SolutionProperties) = preSolution
		HideSolutionNode = FALSE
	EndGlobalSection
	GlobalSection(ExtensibilityGlobals) = postSolution
		SolutionGuid = {28E77794-C090-4D0F-BF7B-D763187C1042}
	EndGlobalSection
	GlobalSection(TeamFoundationVersionControl) = preSolution
		SccNumberOfProjects = 2
		SccEnterpriseProvider = {4CA58AB2-18FA-4F8D-95D4-32DDF27D184C}
		SccTeamFoundationServer = http://owptfs03:8080/tfs/ldms_collection
		SccLocalPath0 = .
		SccWebProject1 = true
		SccProjectUniqueName1 = https://localhost/MarkAttachment
		SccProjectName1 = BMarkAttachment
		SccLocalPath1 = MarkAttachment
		SccProjectEnlistmentChoice1 = 2
	EndGlobalSection
EndGlobal
