
Microsoft Visual Studio Solution File, Format Version 12.00
# Visual Studio Version 17
VisualStudioVersion = 17.0.32014.148
MinimumVisualStudioVersion = 10.0.40219.1
Project("{FAE04EC0-301F-11D3-BF4B-00C04F79EFBC}") = "WordGenerator", "WordGenerator.csproj", "{008FB244-05F9-451B-9D79-8247FB35D1F4}"
EndProject
Global
	GlobalSection(SolutionConfigurationPlatforms) = preSolution
		Debug|Any CPU = Debug|Any CPU
		Release|Any CPU = Release|Any CPU
	EndGlobalSection
	GlobalSection(ProjectConfigurationPlatforms) = postSolution
		{008FB244-05F9-451B-9D79-8247FB35D1F4}.Debug|Any CPU.ActiveCfg = Debug|Any CPU
		{008FB244-05F9-451B-9D79-8247FB35D1F4}.Debug|Any CPU.Build.0 = Debug|Any CPU
		{008FB244-05F9-451B-9D79-8247FB35D1F4}.Release|Any CPU.ActiveCfg = Release|Any CPU
		{008FB244-05F9-451B-9D79-8247FB35D1F4}.Release|Any CPU.Build.0 = Release|Any CPU
	EndGlobalSection
	GlobalSection(SolutionProperties) = preSolution
		HideSolutionNode = FALSE
	EndGlobalSection
	GlobalSection(ExtensibilityGlobals) = postSolution
		SolutionGuid = {568A9910-4371-4BBE-929A-390575FB4D4C}
	EndGlobalSection
EndGlobal
