
Microsoft Visual Studio Solution File, Format Version 12.00
# Visual Studio Version 17
VisualStudioVersion = 17.0.32014.148
MinimumVisualStudioVersion = 10.0.40219.1
Project("{FAE04EC0-301F-11D3-BF4B-00C04F79EFBC}") = "SaltHashPassword", "SaltHashPassword.csproj", "{1E475562-9E3E-419A-ABBD-FCE611CAC8BF}"
EndProject
Global
	GlobalSection(SolutionConfigurationPlatforms) = preSolution
		Debug|Any CPU = Debug|Any CPU
		Release|Any CPU = Release|Any CPU
	EndGlobalSection
	GlobalSection(ProjectConfigurationPlatforms) = postSolution
		{1E475562-9E3E-419A-ABBD-FCE611CAC8BF}.Debug|Any CPU.ActiveCfg = Debug|Any CPU
		{1E475562-9E3E-419A-ABBD-FCE611CAC8BF}.Debug|Any CPU.Build.0 = Debug|Any CPU
		{1E475562-9E3E-419A-ABBD-FCE611CAC8BF}.Release|Any CPU.ActiveCfg = Release|Any CPU
		{1E475562-9E3E-419A-ABBD-FCE611CAC8BF}.Release|Any CPU.Build.0 = Release|Any CPU
	EndGlobalSection
	GlobalSection(SolutionProperties) = preSolution
		HideSolutionNode = FALSE
	EndGlobalSection
	GlobalSection(ExtensibilityGlobals) = postSolution
		SolutionGuid = {2C67490E-C5BA-41F5-A0CA-99C759E69B41}
	EndGlobalSection
EndGlobal
