
Microsoft Visual Studio Solution File, Format Version 12.00
# Visual Studio Version 17
VisualStudioVersion = 17.0.32014.148
MinimumVisualStudioVersion = 10.0.40219.1
Project("{FAE04EC0-301F-11D3-BF4B-00C04F79EFBC}") = "HashiCorp", "HashiCorp.csproj", "{C81B455A-5E79-4C64-964F-BBCE2DA71845}"
EndProject
Global
	GlobalSection(SolutionConfigurationPlatforms) = preSolution
		Debug|Any CPU = Debug|Any CPU
		Release|Any CPU = Release|Any CPU
	EndGlobalSection
	GlobalSection(ProjectConfigurationPlatforms) = postSolution
		{C81B455A-5E79-4C64-964F-BBCE2DA71845}.Debug|Any CPU.ActiveCfg = Debug|Any CPU
		{C81B455A-5E79-4C64-964F-BBCE2DA71845}.Debug|Any CPU.Build.0 = Debug|Any CPU
		{C81B455A-5E79-4C64-964F-BBCE2DA71845}.Release|Any CPU.ActiveCfg = Release|Any CPU
		{C81B455A-5E79-4C64-964F-BBCE2DA71845}.Release|Any CPU.Build.0 = Release|Any CPU
	EndGlobalSection
	GlobalSection(SolutionProperties) = preSolution
		HideSolutionNode = FALSE
	EndGlobalSection
	GlobalSection(ExtensibilityGlobals) = postSolution
		SolutionGuid = {CE8CBD0D-2F69-4002-AA5D-3B1BDAED0C97}
	EndGlobalSection
EndGlobal
